
Microsoft Visual Studio Solution File, Format Version 12.00
# Visual Studio Version 17
VisualStudioVersion = 17.5.33530.505
MinimumVisualStudioVersion = 10.0.40219.1
Project("{FAE04EC0-301F-11D3-BF4B-00C04F79EFBC}") = "FuelCalcWF", "FuelCalcWF.csproj", "{13A9C062-8F76-485A-B0C5-619D4E48688E}"
EndProject
Global
	GlobalSection(SolutionConfigurationPlatforms) = preSolution
		Debug|Any CPU = Debug|Any CPU
		Release|Any CPU = Release|Any CPU
	EndGlobalSection
	GlobalSection(ProjectConfigurationPlatforms) = postSolution
		{13A9C062-8F76-485A-B0C5-619D4E48688E}.Debug|Any CPU.ActiveCfg = Debug|Any CPU
		{13A9C062-8F76-485A-B0C5-619D4E48688E}.Debug|Any CPU.Build.0 = Debug|Any CPU
		{13A9C062-8F76-485A-B0C5-619D4E48688E}.Release|Any CPU.ActiveCfg = Release|Any CPU
		{13A9C062-8F76-485A-B0C5-619D4E48688E}.Release|Any CPU.Build.0 = Release|Any CPU
	EndGlobalSection
	GlobalSection(SolutionProperties) = preSolution
		HideSolutionNode = FALSE
	EndGlobalSection
	GlobalSection(ExtensibilityGlobals) = postSolution
		SolutionGuid = {69EF5159-9F74-457E-AC3E-B4DF2AF21B99}
	EndGlobalSection
EndGlobal
